
Microsoft Visual Studio Solution File, Format Version 12.00
# Visual Studio Version 17
VisualStudioVersion = 17.0.32112.339
MinimumVisualStudioVersion = 10.0.40219.1
Project("{FAE04EC0-301F-11D3-BF4B-00C04F79EFBC}") = "Ex 1", "Lista03.ConsoleApp\Ex 1.csproj", "{69C1F2FA-AED4-4563-9746-2A6F1EC1A590}"
EndProject
Project("{FAE04EC0-301F-11D3-BF4B-00C04F79EFBC}") = "Ex 2", "Ex 1\Ex 2.csproj", "{F61C42A3-F8AB-4F83-AF43-D5CCEC240329}"
EndProject
Project("{FAE04EC0-301F-11D3-BF4B-00C04F79EFBC}") = "Ex 3", "Ex 3\Ex 3.csproj", "{C830F96E-5A6C-46D1-9D3B-CD43BF7CF840}"
EndProject
Project("{FAE04EC0-301F-11D3-BF4B-00C04F79EFBC}") = "Ex 4", "Ex 4\Ex 4.csproj", "{2176F0D1-D3AB-49AC-8674-69C987E46677}"
EndProject
Project("{FAE04EC0-301F-11D3-BF4B-00C04F79EFBC}") = "Ex 5", "Ex 5\Ex 5.csproj", "{D26016C9-42FA-42BC-A89D-429720F4D719}"
EndProject
Global
	GlobalSection(SolutionConfigurationPlatforms) = preSolution
		Debug|Any CPU = Debug|Any CPU
		Release|Any CPU = Release|Any CPU
	EndGlobalSection
	GlobalSection(ProjectConfigurationPlatforms) = postSolution
		{69C1F2FA-AED4-4563-9746-2A6F1EC1A590}.Debug|Any CPU.ActiveCfg = Debug|Any CPU
		{69C1F2FA-AED4-4563-9746-2A6F1EC1A590}.Debug|Any CPU.Build.0 = Debug|Any CPU
		{69C1F2FA-AED4-4563-9746-2A6F1EC1A590}.Release|Any CPU.ActiveCfg = Release|Any CPU
		{69C1F2FA-AED4-4563-9746-2A6F1EC1A590}.Release|Any CPU.Build.0 = Release|Any CPU
		{F61C42A3-F8AB-4F83-AF43-D5CCEC240329}.Debug|Any CPU.ActiveCfg = Debug|Any CPU
		{F61C42A3-F8AB-4F83-AF43-D5CCEC240329}.Debug|Any CPU.Build.0 = Debug|Any CPU
		{F61C42A3-F8AB-4F83-AF43-D5CCEC240329}.Release|Any CPU.ActiveCfg = Release|Any CPU
		{F61C42A3-F8AB-4F83-AF43-D5CCEC240329}.Release|Any CPU.Build.0 = Release|Any CPU
		{C830F96E-5A6C-46D1-9D3B-CD43BF7CF840}.Debug|Any CPU.ActiveCfg = Debug|Any CPU
		{C830F96E-5A6C-46D1-9D3B-CD43BF7CF840}.Debug|Any CPU.Build.0 = Debug|Any CPU
		{C830F96E-5A6C-46D1-9D3B-CD43BF7CF840}.Release|Any CPU.ActiveCfg = Release|Any CPU
		{C830F96E-5A6C-46D1-9D3B-CD43BF7CF840}.Release|Any CPU.Build.0 = Release|Any CPU
		{2176F0D1-D3AB-49AC-8674-69C987E46677}.Debug|Any CPU.ActiveCfg = Debug|Any CPU
		{2176F0D1-D3AB-49AC-8674-69C987E46677}.Debug|Any CPU.Build.0 = Debug|Any CPU
		{2176F0D1-D3AB-49AC-8674-69C987E46677}.Release|Any CPU.ActiveCfg = Release|Any CPU
		{2176F0D1-D3AB-49AC-8674-69C987E46677}.Release|Any CPU.Build.0 = Release|Any CPU
		{D26016C9-42FA-42BC-A89D-429720F4D719}.Debug|Any CPU.ActiveCfg = Debug|Any CPU
		{D26016C9-42FA-42BC-A89D-429720F4D719}.Debug|Any CPU.Build.0 = Debug|Any CPU
		{D26016C9-42FA-42BC-A89D-429720F4D719}.Release|Any CPU.ActiveCfg = Release|Any CPU
		{D26016C9-42FA-42BC-A89D-429720F4D719}.Release|Any CPU.Build.0 = Release|Any CPU
	EndGlobalSection
	GlobalSection(SolutionProperties) = preSolution
		HideSolutionNode = FALSE
	EndGlobalSection
	GlobalSection(ExtensibilityGlobals) = postSolution
		SolutionGuid = {DE154D94-6B1A-4BE8-8C1B-1B730421BCC3}
	EndGlobalSection
EndGlobal
